
Microsoft Visual Studio Solution File, Format Version 12.00
# Visual Studio 15
VisualStudioVersion = 15.0.28307.852
MinimumVisualStudioVersion = 10.0.40219.1
Project("{FAE04EC0-301F-11D3-BF4B-00C04F79EFBC}") = "C3", "C3\C3.csproj", "{2A2961F7-2B07-4697-BF36-EF9420C6A1B7}"
EndProject
Global
	GlobalSection(SolutionConfigurationPlatforms) = preSolution
		Debug|Any CPU = Debug|Any CPU
		Release|Any CPU = Release|Any CPU
	EndGlobalSection
	GlobalSection(ProjectConfigurationPlatforms) = postSolution
		{2A2961F7-2B07-4697-BF36-EF9420C6A1B7}.Debug|Any CPU.ActiveCfg = Debug|Any CPU
		{2A2961F7-2B07-4697-BF36-EF9420C6A1B7}.Debug|Any CPU.Build.0 = Debug|Any CPU
		{2A2961F7-2B07-4697-BF36-EF9420C6A1B7}.Release|Any CPU.ActiveCfg = Release|Any CPU
		{2A2961F7-2B07-4697-BF36-EF9420C6A1B7}.Release|Any CPU.Build.0 = Release|Any CPU
	EndGlobalSection
	GlobalSection(SolutionProperties) = preSolution
		HideSolutionNode = FALSE
	EndGlobalSection
	GlobalSection(ExtensibilityGlobals) = postSolution
		SolutionGuid = {A6098F17-8BE4-4A01-85E3-B06C2911FB5C}
	EndGlobalSection
EndGlobal
